
Microsoft Visual Studio Solution File, Format Version 12.00
# Visual Studio 15
VisualStudioVersion = 15.0.27703.2042
MinimumVisualStudioVersion = 10.0.40219.1
Project("{FAE04EC0-301F-11D3-BF4B-00C04F79EFBC}") = "WPFUI", "WPFUI\WPFUI.csproj", "{F62D6625-C04E-4411-B991-320F2F7E552D}"
EndProject
Project("{FAE04EC0-301F-11D3-BF4B-00C04F79EFBC}") = "Engine", "Engine\Engine.csproj", "{51EB53C3-8241-4C61-9D07-646626B56717}"
EndProject
Global
	GlobalSection(SolutionConfigurationPlatforms) = preSolution
		Debug|Any CPU = Debug|Any CPU
		Release|Any CPU = Release|Any CPU
	EndGlobalSection
	GlobalSection(ProjectConfigurationPlatforms) = postSolution
		{F62D6625-C04E-4411-B991-320F2F7E552D}.Debug|Any CPU.ActiveCfg = Debug|Any CPU
		{F62D6625-C04E-4411-B991-320F2F7E552D}.Debug|Any CPU.Build.0 = Debug|Any CPU
		{F62D6625-C04E-4411-B991-320F2F7E552D}.Release|Any CPU.ActiveCfg = Release|Any CPU
		{F62D6625-C04E-4411-B991-320F2F7E552D}.Release|Any CPU.Build.0 = Release|Any CPU
		{51EB53C3-8241-4C61-9D07-646626B56717}.Debug|Any CPU.ActiveCfg = Debug|Any CPU
		{51EB53C3-8241-4C61-9D07-646626B56717}.Debug|Any CPU.Build.0 = Debug|Any CPU
		{51EB53C3-8241-4C61-9D07-646626B56717}.Release|Any CPU.ActiveCfg = Release|Any CPU
		{51EB53C3-8241-4C61-9D07-646626B56717}.Release|Any CPU.Build.0 = Release|Any CPU
	EndGlobalSection
	GlobalSection(SolutionProperties) = preSolution
		HideSolutionNode = FALSE
	EndGlobalSection
	GlobalSection(ExtensibilityGlobals) = postSolution
		SolutionGuid = {53A7917E-9677-4C97-BDF5-CE859BE38E09}
	EndGlobalSection
EndGlobal
